
Microsoft Visual Studio Solution File, Format Version 12.00
# Visual Studio Version 17
VisualStudioVersion = 17.11.35327.3
MinimumVisualStudioVersion = 10.0.40219.1
Project("{FAE04EC0-301F-11D3-BF4B-00C04F79EFBC}") = "DepressionPredictionUI", "DepressionPredictionUI\DepressionPredictionUI.csproj", "{16D52C1B-CEA9-4F93-BCA5-136A000C855A}"
EndProject
Global
	GlobalSection(SolutionConfigurationPlatforms) = preSolution
		Debug|Any CPU = Debug|Any CPU
		Release|Any CPU = Release|Any CPU
	EndGlobalSection
	GlobalSection(ProjectConfigurationPlatforms) = postSolution
		{16D52C1B-CEA9-4F93-BCA5-136A000C855A}.Debug|Any CPU.ActiveCfg = Debug|Any CPU
		{16D52C1B-CEA9-4F93-BCA5-136A000C855A}.Debug|Any CPU.Build.0 = Debug|Any CPU
		{16D52C1B-CEA9-4F93-BCA5-136A000C855A}.Release|Any CPU.ActiveCfg = Release|Any CPU
		{16D52C1B-CEA9-4F93-BCA5-136A000C855A}.Release|Any CPU.Build.0 = Release|Any CPU
	EndGlobalSection
	GlobalSection(SolutionProperties) = preSolution
		HideSolutionNode = FALSE
	EndGlobalSection
	GlobalSection(ExtensibilityGlobals) = postSolution
		SolutionGuid = {E0EA784B-1A06-4C24-9067-CA2F09EA6346}
	EndGlobalSection
EndGlobal
